// !$*UTF8*$!
{
	archiveVersion = 1;
	classes = {
	};
	objectVersion = 56;
	objects = {

/* Begin PBXBuildFile section */
		3205496B2A63BAC70058DCA6 /* SyncPlayApp.swift in Sources */ = {isa = PBXBuildFile; fileRef = 3205496A2A63BAC70058DCA6 /* SyncPlayApp.swift */; };
		3205496D2A63BAC70058DCA6 /* HomeView.swift in Sources */ = {isa = PBXBuildFile; fileRef = 3205496C2A63BAC70058DCA6 /* HomeView.swift */; };
		3205496F2A63BACA0058DCA6 /* Assets.xcassets in Resources */ = {isa = PBXBuildFile; fileRef = 3205496E2A63BACA0058DCA6 /* Assets.xcassets */; };
		320549722A63BACA0058DCA6 /* Preview Assets.xcassets in Resources */ = {isa = PBXBuildFile; fileRef = 320549712A63BACA0058DCA6 /* Preview Assets.xcassets */; };
		329E20EE2A65AE3000CDC51C /* .gitignore in Resources */ = {isa = PBXBuildFile; fileRef = 329E20ED2A65AE3000CDC51C /* .gitignore */; };
		329E20F02A65AE8500CDC51C /* README.md in Resources */ = {isa = PBXBuildFile; fileRef = 329E20EF2A65AE8500CDC51C /* README.md */; };
		32DD936E2A645284007A8990 /* VideoThumbnailView.swift in Sources */ = {isa = PBXBuildFile; fileRef = 32DD936D2A645284007A8990 /* VideoThumbnailView.swift */; };
/* End PBXBuildFile section */

/* Begin PBXFileReference section */
		320549672A63BAC70058DCA6 /* SyncPlay.app */ = {isa = PBXFileReference; explicitFileType = wrapper.application; includeInIndex = 0; path = SyncPlay.app; sourceTree = BUILT_PRODUCTS_DIR; };
		3205496A2A63BAC70058DCA6 /* SyncPlayApp.swift */ = {isa = PBXFileReference; lastKnownFileType = sourcecode.swift; path = SyncPlayApp.swift; sourceTree = "<group>"; };
		3205496C2A63BAC70058DCA6 /* HomeView.swift */ = {isa = PBXFileReference; lastKnownFileType = sourcecode.swift; path = HomeView.swift; sourceTree = "<group>"; };
		3205496E2A63BACA0058DCA6 /* Assets.xcassets */ = {isa = PBXFileReference; lastKnownFileType = folder.assetcatalog; path = Assets.xcassets; sourceTree = "<group>"; };
		320549712A63BACA0058DCA6 /* Preview Assets.xcassets */ = {isa = PBXFileReference; lastKnownFileType = folder.assetcatalog; path = "Preview Assets.xcassets"; sourceTree = "<group>"; };
		329E20ED2A65AE3000CDC51C /* .gitignore */ = {isa = PBXFileReference; lastKnownFileType = text; path = .gitignore; sourceTree = "<group>"; };
		329E20EF2A65AE8500CDC51C /* README.md */ = {isa = PBXFileReference; lastKnownFileType = net.daringfireball.markdown; path = README.md; sourceTree = "<group>"; };
		32C1510B2A65584800967FEA /* Info.plist */ = {isa = PBXFileReference; lastKnownFileType = text.plist; path = Info.plist; sourceTree = "<group>"; };
		32DD936D2A645284007A8990 /* VideoThumbnailView.swift */ = {isa = PBXFileReference; lastKnownFileType = sourcecode.swift; path = VideoThumbnailView.swift; sourceTree = "<group>"; };
/* End PBXFileReference section */

/* Begin PBXFrameworksBuildPhase section */
		320549642A63BAC70058DCA6 /* Frameworks */ = {
			isa = PBXFrameworksBuildPhase;
			buildActionMask = 2147483647;
			files = (
			);
			runOnlyForDeploymentPostprocessing = 0;
		};
/* End PBXFrameworksBuildPhase section */

/* Begin PBXGroup section */
		3205495E2A63BAC70058DCA6 = {
			isa = PBXGroup;
			children = (
				329E20F12A65AF3700CDC51C /* misc */,
				329E20EF2A65AE8500CDC51C /* README.md */,
				329E20ED2A65AE3000CDC51C /* .gitignore */,
				320549692A63BAC70058DCA6 /* SyncPlay */,
				320549682A63BAC70058DCA6 /* Products */,
			);
			sourceTree = "<group>";
		};
		320549682A63BAC70058DCA6 /* Products */ = {
			isa = PBXGroup;
			children = (
				320549672A63BAC70058DCA6 /* SyncPlay.app */,
			);
			name = Products;
			sourceTree = "<group>";
		};
		320549692A63BAC70058DCA6 /* SyncPlay */ = {
			isa = PBXGroup;
			children = (
				32C1510B2A65584800967FEA /* Info.plist */,
				320549782A63BAF10058DCA6 /* View */,
				3205496A2A63BAC70058DCA6 /* SyncPlayApp.swift */,
				3205496E2A63BACA0058DCA6 /* Assets.xcassets */,
				320549702A63BACA0058DCA6 /* Preview Content */,
			);
			path = SyncPlay;
			sourceTree = "<group>";
		};
		320549702A63BACA0058DCA6 /* Preview Content */ = {
			isa = PBXGroup;
			children = (
				320549712A63BACA0058DCA6 /* Preview Assets.xcassets */,
			);
			path = "Preview Content";
			sourceTree = "<group>";
		};
		320549782A63BAF10058DCA6 /* View */ = {
			isa = PBXGroup;
			children = (
				32DD936C2A64525E007A8990 /* File */,
				3205496C2A63BAC70058DCA6 /* HomeView.swift */,
			);
			path = View;
			sourceTree = "<group>";
		};
		329E20F12A65AF3700CDC51C /* misc */ = {
			isa = PBXGroup;
			children = (
			);
			path = misc;
			sourceTree = "<group>";
		};
		32DD936C2A64525E007A8990 /* File */ = {
			isa = PBXGroup;
			children = (
				32DD936D2A645284007A8990 /* VideoThumbnailView.swift */,
			);
			path = File;
			sourceTree = "<group>";
		};
/* End PBXGroup section */

/* Begin PBXNativeTarget section */
		320549662A63BAC70058DCA6 /* SyncPlay */ = {
			isa = PBXNativeTarget;
			buildConfigurationList = 320549752A63BACA0058DCA6 /* Build configuration list for PBXNativeTarget "SyncPlay" */;
			buildPhases = (
				320549632A63BAC70058DCA6 /* Sources */,
				320549642A63BAC70058DCA6 /* Frameworks */,
				320549652A63BAC70058DCA6 /* Resources */,
			);
			buildRules = (
			);
			dependencies = (
			);
			name = SyncPlay;
			productName = SyncPlay;
			productReference = 320549672A63BAC70058DCA6 /* SyncPlay.app */;
			productType = "com.apple.product-type.application";
		};
/* End PBXNativeTarget section */

/* Begin PBXProject section */
		3205495F2A63BAC70058DCA6 /* Project object */ = {
			isa = PBXProject;
			attributes = {
				BuildIndependentTargetsInParallel = 1;
				LastSwiftUpdateCheck = 1420;
				LastUpgradeCheck = 1420;
				TargetAttributes = {
					320549662A63BAC70058DCA6 = {
						CreatedOnToolsVersion = 14.2;
					};
				};
			};
			buildConfigurationList = 320549622A63BAC70058DCA6 /* Build configuration list for PBXProject "SyncPlay" */;
			compatibilityVersion = "Xcode 14.0";
			developmentRegion = en;
			hasScannedForEncodings = 0;
			knownRegions = (
				en,
				Base,
			);
			mainGroup = 3205495E2A63BAC70058DCA6;
			productRefGroup = 320549682A63BAC70058DCA6 /* Products */;
			projectDirPath = "";
			projectRoot = "";
			targets = (
				320549662A63BAC70058DCA6 /* SyncPlay */,
			);
		};
/* End PBXProject section */

/* Begin PBXResourcesBuildPhase section */
		320549652A63BAC70058DCA6 /* Resources */ = {
			isa = PBXResourcesBuildPhase;
			buildActionMask = 2147483647;
			files = (
				320549722A63BACA0058DCA6 /* Preview Assets.xcassets in Resources */,
				329E20EE2A65AE3000CDC51C /* .gitignore in Resources */,
				329E20F02A65AE8500CDC51C /* README.md in Resources */,
				3205496F2A63BACA0058DCA6 /* Assets.xcassets in Resources */,
			);
			runOnlyForDeploymentPostprocessing = 0;
		};
/* End PBXResourcesBuildPhase section */

/* Begin PBXSourcesBuildPhase section */
		320549632A63BAC70058DCA6 /* Sources */ = {
			isa = PBXSourcesBuildPhase;
			buildActionMask = 2147483647;
			files = (
				3205496D2A63BAC70058DCA6 /* HomeView.swift in Sources */,
				32DD936E2A645284007A8990 /* VideoThumbnailView.swift in Sources */,
				3205496B2A63BAC70058DCA6 /* SyncPlayApp.swift in Sources */,
			);
			runOnlyForDeploymentPostprocessing = 0;
		};
/* End PBXSourcesBuildPhase section */

/* Begin XCBuildConfiguration section */
		320549732A63BACA0058DCA6 /* Debug */ = {
			isa = XCBuildConfiguration;
			buildSettings = {
				ALWAYS_SEARCH_USER_PATHS = NO;
				CLANG_ANALYZER_NONNULL = YES;
				CLANG_ANALYZER_NUMBER_OBJECT_CONVERSION = YES_AGGRESSIVE;
				CLANG_CXX_LANGUAGE_STANDARD = "gnu++20";
				CLANG_ENABLE_MODULES = YES;
				CLANG_ENABLE_OBJC_ARC = YES;
				CLANG_ENABLE_OBJC_WEAK = YES;
				CLANG_WARN_BLOCK_CAPTURE_AUTORELEASING = YES;
				CLANG_WARN_BOOL_CONVERSION = YES;
				CLANG_WARN_COMMA = YES;
				CLANG_WARN_CONSTANT_CONVERSION = YES;
				CLANG_WARN_DEPRECATED_OBJC_IMPLEMENTATIONS = YES;
				CLANG_WARN_DIRECT_OBJC_ISA_USAGE = YES_ERROR;
				CLANG_WARN_DOCUMENTATION_COMMENTS = YES;
				CLANG_WARN_EMPTY_BODY = YES;
				CLANG_WARN_ENUM_CONVERSION = YES;
				CLANG_WARN_INFINITE_RECURSION = YES;
				CLANG_WARN_INT_CONVERSION = YES;
				CLANG_WARN_NON_LITERAL_NULL_CONVERSION = YES;
				CLANG_WARN_OBJC_IMPLICIT_RETAIN_SELF = YES;
				CLANG_WARN_OBJC_LITERAL_CONVERSION = YES;
				CLANG_WARN_OBJC_ROOT_CLASS = YES_ERROR;
				CLANG_WARN_QUOTED_INCLUDE_IN_FRAMEWORK_HEADER = YES;
				CLANG_WARN_RANGE_LOOP_ANALYSIS = YES;
				CLANG_WARN_STRICT_PROTOTYPES = YES;
				CLANG_WARN_SUSPICIOUS_MOVE = YES;
				CLANG_WARN_UNGUARDED_AVAILABILITY = YES_AGGRESSIVE;
				CLANG_WARN_UNREACHABLE_CODE = YES;
				CLANG_WARN__DUPLICATE_METHOD_MATCH = YES;
				COPY_PHASE_STRIP = NO;
				DEBUG_INFORMATION_FORMAT = dwarf;
				ENABLE_STRICT_OBJC_MSGSEND = YES;
				ENABLE_TESTABILITY = YES;
				GCC_C_LANGUAGE_STANDARD = gnu11;
				GCC_DYNAMIC_NO_PIC = NO;
				GCC_NO_COMMON_BLOCKS = YES;
				GCC_OPTIMIZATION_LEVEL = 0;
				GCC_PREPROCESSOR_DEFINITIONS = (
					"DEBUG=1",
					"$(inherited)",
				);
				GCC_WARN_64_TO_32_BIT_CONVERSION = YES;
				GCC_WARN_ABOUT_RETURN_TYPE = YES_ERROR;
				GCC_WARN_UNDECLARED_SELECTOR = YES;
				GCC_WARN_UNINITIALIZED_AUTOS = YES_AGGRESSIVE;
				GCC_WARN_UNUSED_FUNCTION = YES;
				GCC_WARN_UNUSED_VARIABLE = YES;
				IPHONEOS_DEPLOYMENT_TARGET = 16.2;
				MTL_ENABLE_DEBUG_INFO = INCLUDE_SOURCE;
				MTL_FAST_MATH = YES;
				ONLY_ACTIVE_ARCH = YES;
				SDKROOT = iphoneos;
				SWIFT_ACTIVE_COMPILATION_CONDITIONS = DEBUG;
				SWIFT_OPTIMIZATION_LEVEL = "-Onone";
			};
			name = Debug;
		};
		320549742A63BACA0058DCA6 /* Release */ = {
			isa = XCBuildConfiguration;
			buildSettings = {
				ALWAYS_SEARCH_USER_PATHS = NO;
				CLANG_ANALYZER_NONNULL = YES;
				CLANG_ANALYZER_NUMBER_OBJECT_CONVERSION = YES_AGGRESSIVE;
				CLANG_CXX_LANGUAGE_STANDARD = "gnu++20";
				CLANG_ENABLE_MODULES = YES;
				CLANG_ENABLE_OBJC_ARC = YES;
				CLANG_ENABLE_OBJC_WEAK = YES;
				CLANG_WARN_BLOCK_CAPTURE_AUTORELEASING = YES;
				CLANG_WARN_BOOL_CONVERSION = YES;
				CLANG_WARN_COMMA = YES;
				CLANG_WARN_CONSTANT_CONVERSION = YES;
				CLANG_WARN_DEPRECATED_OBJC_IMPLEMENTATIONS = YES;
				CLANG_WARN_DIRECT_OBJC_ISA_USAGE = YES_ERROR;
				CLANG_WARN_DOCUMENTATION_COMMENTS = YES;
				CLANG_WARN_EMPTY_BODY = YES;
				CLANG_WARN_ENUM_CONVERSION = YES;
				CLANG_WARN_INFINITE_RECURSION = YES;
				CLANG_WARN_INT_CONVERSION = YES;
				CLANG_WARN_NON_LITERAL_NULL_CONVERSION = YES;
				CLANG_WARN_OBJC_IMPLICIT_RETAIN_SELF = YES;
				CLANG_WARN_OBJC_LITERAL_CONVERSION = YES;
				CLANG_WARN_OBJC_ROOT_CLASS = YES_ERROR;
				CLANG_WARN_QUOTED_INCLUDE_IN_FRAMEWORK_HEADER = YES;
				CLANG_WARN_RANGE_LOOP_ANALYSIS = YES;
				CLANG_WARN_STRICT_PROTOTYPES = YES;
				CLANG_WARN_SUSPICIOUS_MOVE = YES;
				CLANG_WARN_UNGUARDED_AVAILABILITY = YES_AGGRESSIVE;
				CLANG_WARN_UNREACHABLE_CODE = YES;
				CLANG_WARN__DUPLICATE_METHOD_MATCH = YES;
				COPY_PHASE_STRIP = NO;
				DEBUG_INFORMATION_FORMAT = "dwarf-with-dsym";
				ENABLE_NS_ASSERTIONS = NO;
				ENABLE_STRICT_OBJC_MSGSEND = YES;
				GCC_C_LANGUAGE_STANDARD = gnu11;
				GCC_NO_COMMON_BLOCKS = YES;
				GCC_WARN_64_TO_32_BIT_CONVERSION = YES;
				GCC_WARN_ABOUT_RETURN_TYPE = YES_ERROR;
				GCC_WARN_UNDECLARED_SELECTOR = YES;
				GCC_WARN_UNINITIALIZED_AUTOS = YES_AGGRESSIVE;
				GCC_WARN_UNUSED_FUNCTION = YES;
				GCC_WARN_UNUSED_VARIABLE = YES;
				IPHONEOS_DEPLOYMENT_TARGET = 16.2;
				MTL_ENABLE_DEBUG_INFO = NO;
				MTL_FAST_MATH = YES;
				SDKROOT = iphoneos;
				SWIFT_COMPILATION_MODE = wholemodule;
				SWIFT_OPTIMIZATION_LEVEL = "-O";
				VALIDATE_PRODUCT = YES;
			};
			name = Release;
		};
		320549762A63BACA0058DCA6 /* Debug */ = {
			isa = XCBuildConfiguration;
			buildSettings = {
				ASSETCATALOG_COMPILER_APPICON_NAME = AppIcon;
				ASSETCATALOG_COMPILER_GLOBAL_ACCENT_COLOR_NAME = AccentColor;
				CODE_SIGN_STYLE = Automatic;
				CURRENT_PROJECT_VERSION = 1;
				DEVELOPMENT_ASSET_PATHS = "\"SyncPlay/Preview Content\"";
				DEVELOPMENT_TEAM = PPCD8Q5SP9;
				ENABLE_PREVIEWS = YES;
				GENERATE_INFOPLIST_FILE = YES;
				INFOPLIST_FILE = SyncPlay/Info.plist;
				INFOPLIST_KEY_NSPhotoLibraryUsageDescription = "SyncPlay uses videos only";
				INFOPLIST_KEY_UIApplicationSceneManifest_Generation = YES;
				INFOPLIST_KEY_UIApplicationSupportsIndirectInputEvents = YES;
				INFOPLIST_KEY_UILaunchScreen_Generation = YES;
				INFOPLIST_KEY_UISupportedInterfaceOrientations_iPad = "UIInterfaceOrientationPortrait UIInterfaceOrientationPortraitUpsideDown UIInterfaceOrientationLandscapeLeft UIInterfaceOrientationLandscapeRight";
				INFOPLIST_KEY_UISupportedInterfaceOrientations_iPhone = "UIInterfaceOrientationPortrait UIInterfaceOrientationLandscapeLeft UIInterfaceOrientationLandscapeRight";
				LD_RUNPATH_SEARCH_PATHS = (
					"$(inherited)",
					"@executable_path/Frameworks",
				);
				MARKETING_VERSION = 1.0;
				PRODUCT_BUNDLE_IDENTIFIER = com.flyprosper.SyncPlay;
				PRODUCT_NAME = "$(TARGET_NAME)";
				SWIFT_EMIT_LOC_STRINGS = YES;
				SWIFT_VERSION = 5.0;
				TARGETED_DEVICE_FAMILY = "1,2";
			};
			name = Debug;
		};
		320549772A63BACA0058DCA6 /* Release */ = {
			isa = XCBuildConfiguration;
			buildSettings = {
				ASSETCATALOG_COMPILER_APPICON_NAME = AppIcon;
				ASSETCATALOG_COMPILER_GLOBAL_ACCENT_COLOR_NAME = AccentColor;
				CODE_SIGN_STYLE = Automatic;
				CURRENT_PROJECT_VERSION = 1;
				DEVELOPMENT_ASSET_PATHS = "\"SyncPlay/Preview Content\"";
				DEVELOPMENT_TEAM = PPCD8Q5SP9;
				ENABLE_PREVIEWS = YES;
				GENERATE_INFOPLIST_FILE = YES;
				INFOPLIST_FILE = SyncPlay/Info.plist;
				INFOPLIST_KEY_NSPhotoLibraryUsageDescription = "SyncPlay uses videos only";
				INFOPLIST_KEY_UIApplicationSceneManifest_Generation = YES;
				INFOPLIST_KEY_UIApplicationSupportsIndirectInputEvents = YES;
				INFOPLIST_KEY_UILaunchScreen_Generation = YES;
				INFOPLIST_KEY_UISupportedInterfaceOrientations_iPad = "UIInterfaceOrientationPortrait UIInterfaceOrientationPortraitUpsideDown UIInterfaceOrientationLandscapeLeft UIInterfaceOrientationLandscapeRight";
				INFOPLIST_KEY_UISupportedInterfaceOrientations_iPhone = "UIInterfaceOrientationPortrait UIInterfaceOrientationLandscapeLeft UIInterfaceOrientationLandscapeRight";
				LD_RUNPATH_SEARCH_PATHS = (
					"$(inherited)",
					"@executable_path/Frameworks",
				);
				MARKETING_VERSION = 1.0;
				PRODUCT_BUNDLE_IDENTIFIER = com.flyprosper.SyncPlay;
				PRODUCT_NAME = "$(TARGET_NAME)";
				SWIFT_EMIT_LOC_STRINGS = YES;
				SWIFT_VERSION = 5.0;
				TARGETED_DEVICE_FAMILY = "1,2";
			};
			name = Release;
		};
/* End XCBuildConfiguration section */

/* Begin XCConfigurationList section */
		320549622A63BAC70058DCA6 /* Build configuration list for PBXProject "SyncPlay" */ = {
			isa = XCConfigurationList;
			buildConfigurations = (
				320549732A63BACA0058DCA6 /* Debug */,
				320549742A63BACA0058DCA6 /* Release */,
			);
			defaultConfigurationIsVisible = 0;
			defaultConfigurationName = Release;
		};
		320549752A63BACA0058DCA6 /* Build configuration list for PBXNativeTarget "SyncPlay" */ = {
			isa = XCConfigurationList;
			buildConfigurations = (
				320549762A63BACA0058DCA6 /* Debug */,
				320549772A63BACA0058DCA6 /* Release */,
			);
			defaultConfigurationIsVisible = 0;
			defaultConfigurationName = Release;
		};
/* End XCConfigurationList section */
	};
	rootObject = 3205495F2A63BAC70058DCA6 /* Project object */;
}
